
Microsoft Visual Studio Solution File, Format Version 12.00
# Visual Studio Version 17
VisualStudioVersion = 17.0.32112.339
MinimumVisualStudioVersion = 10.0.40219.1
Project("{FAE04EC0-301F-11D3-BF4B-00C04F79EFBC}") = "CalculadoraCientifica", "CalculadoraCientifica\CalculadoraCientifica.csproj", "{AB6F1CCA-66C6-40AA-BB66-DCCA63545C72}"
EndProject
Global
	GlobalSection(SolutionConfigurationPlatforms) = preSolution
		Debug|Any CPU = Debug|Any CPU
		Release|Any CPU = Release|Any CPU
	EndGlobalSection
	GlobalSection(ProjectConfigurationPlatforms) = postSolution
		{AB6F1CCA-66C6-40AA-BB66-DCCA63545C72}.Debug|Any CPU.ActiveCfg = Debug|Any CPU
		{AB6F1CCA-66C6-40AA-BB66-DCCA63545C72}.Debug|Any CPU.Build.0 = Debug|Any CPU
		{AB6F1CCA-66C6-40AA-BB66-DCCA63545C72}.Release|Any CPU.ActiveCfg = Release|Any CPU
		{AB6F1CCA-66C6-40AA-BB66-DCCA63545C72}.Release|Any CPU.Build.0 = Release|Any CPU
	EndGlobalSection
	GlobalSection(SolutionProperties) = preSolution
		HideSolutionNode = FALSE
	EndGlobalSection
	GlobalSection(ExtensibilityGlobals) = postSolution
		SolutionGuid = {3355FDD5-A88E-4B85-B72B-E51AB1075709}
	EndGlobalSection
EndGlobal
